
Microsoft Visual Studio Solution File, Format Version 12.00
# Visual Studio Version 17
VisualStudioVersion = 17.8.34316.72
MinimumVisualStudioVersion = 10.0.40219.1
Project("{FAE04EC0-301F-11D3-BF4B-00C04F79EFBC}") = "Exercicio.Livraria", "Livraria\Exercicio.Livraria.csproj", "{1A512E91-D0DD-4711-8698-5DBF36E08289}"
EndProject
Global
	GlobalSection(SolutionConfigurationPlatforms) = preSolution
		Debug|Any CPU = Debug|Any CPU
		Release|Any CPU = Release|Any CPU
	EndGlobalSection
	GlobalSection(ProjectConfigurationPlatforms) = postSolution
		{1A512E91-D0DD-4711-8698-5DBF36E08289}.Debug|Any CPU.ActiveCfg = Debug|Any CPU
		{1A512E91-D0DD-4711-8698-5DBF36E08289}.Debug|Any CPU.Build.0 = Debug|Any CPU
		{1A512E91-D0DD-4711-8698-5DBF36E08289}.Release|Any CPU.ActiveCfg = Release|Any CPU
		{1A512E91-D0DD-4711-8698-5DBF36E08289}.Release|Any CPU.Build.0 = Release|Any CPU
	EndGlobalSection
	GlobalSection(SolutionProperties) = preSolution
		HideSolutionNode = FALSE
	EndGlobalSection
	GlobalSection(ExtensibilityGlobals) = postSolution
		SolutionGuid = {D6F2128B-86C5-4DB1-B548-DE7D5357FF89}
	EndGlobalSection
EndGlobal
